{
  "pins" : [
    {
      "identity" : "testpackage1",
      "kind" : "remoteSourceControl",
      "location" : "https://github.com/cah4ous/TestPackage1.git",
      "state" : {
        "branch" : "main",
        "revision" : "34010a78ce19f9f452c2798afeb79befe59da675"
      }
    },
    {
      "identity" : "testpackage2",
      "kind" : "remoteSourceControl",
      "location" : "https://github.com/cah4ous/TestPackage2.git",
      "state" : {
        "branch" : "main",
        "revision" : "c7f98f914b9018e5c2f8f652c4e195947bf73346"
      }
    }
  ],
  "version" : 2
}
